{
  "name": "advent-of-code-2024",
  "lockfileVersion": 3,
  "requires": true,
  "packages": {
    "": {
      "name": "advent-of-code-2024",
      "dependencies": {
        "graphology": "^0.25.4",
        "graphology-library": "^0.8.0",
        "lodash": "^4.17.21",
        "memoizee": "^0.4.17"
      },
      "devDependencies": {
        "@danielx/civet": "^0.8.16",
        "@types/bun": "^1.1.14",
        "@types/lodash": "^4.17.13",
        "@types/memoizee": "^0.4.11",
        "axios": "^1.7.8",
        "dotenv": "^16.4.5"
      },
      "peerDependencies": {
        "typescript": "^5.0.0"
      }
    },
    "node_modules/@cspotcode/source-map-support": {
      "version": "0.8.1",
      "dev": true,
      "license": "MIT",
      "dependencies": {
        "@jridgewell/trace-mapping": "0.3.9"
      },
      "engines": {
        "node": ">=12"
      }
    },
    "node_modules/@danielx/civet": {
      "version": "0.8.16",
      "dev": true,
      "license": "MIT",
      "dependencies": {
        "@cspotcode/source-map-support": "^0.8.1",
        "@typescript/vfs": "^1.6.0",
        "unplugin": "^1.12.2"
      },
      "bin": {
        "civet": "dist/civet"
      },
      "engines": {
        "node": ">=19 || ^18.6.0 || ^16.17.0"
      },
      "peerDependencies": {
        "typescript": "^4.5 || ^5.0",
        "yaml": "^2.4.5"
      },
      "peerDependenciesMeta": {
        "yaml": {
          "optional": true
        }
      }
    },
    "node_modules/@jridgewell/resolve-uri": {
      "version": "3.1.2",
      "dev": true,
      "license": "MIT",
      "engines": {
        "node": ">=6.0.0"
      }
    },
    "node_modules/@jridgewell/sourcemap-codec": {
      "version": "1.5.0",
      "dev": true,
      "license": "MIT"
    },
    "node_modules/@jridgewell/trace-mapping": {
      "version": "0.3.9",
      "dev": true,
      "license": "MIT",
      "dependencies": {
        "@jridgewell/resolve-uri": "^3.0.3",
        "@jridgewell/sourcemap-codec": "^1.4.10"
      }
    },
    "node_modules/@types/bun": {
      "version": "1.1.14",
      "dev": true,
      "license": "MIT",
      "dependencies": {
        "bun-types": "1.1.37"
      }
    },
    "node_modules/@types/lodash": {
      "version": "4.17.13",
      "dev": true,
      "license": "MIT"
    },
    "node_modules/@types/memoizee": {
      "version": "0.4.11",
      "resolved": "https://registry.npmjs.org/@types/memoizee/-/memoizee-0.4.11.tgz",
      "integrity": "sha512-2gyorIBZu8GoDr9pYjROkxWWcFtHCquF7TVbN2I+/OvgZhnIGQS0vX5KJz4lXNKb8XOSfxFOSG5OLru1ESqLUg==",
      "dev": true
    },
    "node_modules/@types/node": {
      "version": "20.12.14",
      "dev": true,
      "license": "MIT",
      "dependencies": {
        "undici-types": "~5.26.4"
      }
    },
    "node_modules/@types/ws": {
      "version": "8.5.13",
      "dev": true,
      "license": "MIT",
      "dependencies": {
        "@types/node": "*"
      }
    },
    "node_modules/@typescript/vfs": {
      "version": "1.6.0",
      "dev": true,
      "license": "MIT",
      "dependencies": {
        "debug": "^4.1.1"
      },
      "peerDependencies": {
        "typescript": "*"
      }
    },
    "node_modules/@xmldom/xmldom": {
      "version": "0.8.10",
      "resolved": "https://registry.npmjs.org/@xmldom/xmldom/-/xmldom-0.8.10.tgz",
      "integrity": "sha512-2WALfTl4xo2SkGCYRt6rDTFfk9R1czmBvUQy12gK2KuRKIpWEhcbbzy8EZXtz/jkRqHX8bFEc6FC1HjX4TUWYw==",
      "engines": {
        "node": ">=10.0.0"
      }
    },
    "node_modules/@yomguithereal/helpers": {
      "version": "1.1.1",
      "resolved": "https://registry.npmjs.org/@yomguithereal/helpers/-/helpers-1.1.1.tgz",
      "integrity": "sha512-UYvAq/XCA7xoh1juWDYsq3W0WywOB+pz8cgVnE1b45ZfdMhBvHDrgmSFG3jXeZSr2tMTYLGHFHON+ekG05Jebg=="
    },
    "node_modules/acorn": {
      "version": "8.14.0",
      "dev": true,
      "license": "MIT",
      "bin": {
        "acorn": "bin/acorn"
      },
      "engines": {
        "node": ">=0.4.0"
      }
    },
    "node_modules/asynckit": {
      "version": "0.4.0",
      "dev": true,
      "license": "MIT"
    },
    "node_modules/axios": {
      "version": "1.7.8",
      "dev": true,
      "license": "MIT",
      "dependencies": {
        "follow-redirects": "^1.15.6",
        "form-data": "^4.0.0",
        "proxy-from-env": "^1.1.0"
      }
    },
    "node_modules/bun-types": {
      "version": "1.1.37",
      "dev": true,
      "license": "MIT",
      "dependencies": {
        "@types/node": "~20.12.8",
        "@types/ws": "~8.5.10"
      }
    },
    "node_modules/combined-stream": {
      "version": "1.0.8",
      "dev": true,
      "license": "MIT",
      "dependencies": {
        "delayed-stream": "~1.0.0"
      },
      "engines": {
        "node": ">= 0.8"
      }
    },
    "node_modules/d": {
      "version": "1.0.2",
      "resolved": "https://registry.npmjs.org/d/-/d-1.0.2.tgz",
      "integrity": "sha512-MOqHvMWF9/9MX6nza0KgvFH4HpMU0EF5uUDXqX/BtxtU8NfB0QzRtJ8Oe/6SuS4kbhyzVJwjd97EA4PKrzJ8bw==",
      "dependencies": {
        "es5-ext": "^0.10.64",
        "type": "^2.7.2"
      },
      "engines": {
        "node": ">=0.12"
      }
    },
    "node_modules/debug": {
      "version": "4.3.7",
      "dev": true,
      "license": "MIT",
      "dependencies": {
        "ms": "^2.1.3"
      },
      "engines": {
        "node": ">=6.0"
      },
      "peerDependenciesMeta": {
        "supports-color": {
          "optional": true
        }
      }
    },
    "node_modules/delayed-stream": {
      "version": "1.0.0",
      "dev": true,
      "license": "MIT",
      "engines": {
        "node": ">=0.4.0"
      }
    },
    "node_modules/dotenv": {
      "version": "16.4.5",
      "dev": true,
      "license": "BSD-2-Clause",
      "engines": {
        "node": ">=12"
      },
      "funding": {
        "url": "https://dotenvx.com"
      }
    },
    "node_modules/es5-ext": {
      "version": "0.10.64",
      "resolved": "https://registry.npmjs.org/es5-ext/-/es5-ext-0.10.64.tgz",
      "integrity": "sha512-p2snDhiLaXe6dahss1LddxqEm+SkuDvV8dnIQG0MWjyHpcMNfXKPE+/Cc0y+PhxJX3A4xGNeFCj5oc0BUh6deg==",
      "hasInstallScript": true,
      "dependencies": {
        "es6-iterator": "^2.0.3",
        "es6-symbol": "^3.1.3",
        "esniff": "^2.0.1",
        "next-tick": "^1.1.0"
      },
      "engines": {
        "node": ">=0.10"
      }
    },
    "node_modules/es6-iterator": {
      "version": "2.0.3",
      "resolved": "https://registry.npmjs.org/es6-iterator/-/es6-iterator-2.0.3.tgz",
      "integrity": "sha512-zw4SRzoUkd+cl+ZoE15A9o1oQd920Bb0iOJMQkQhl3jNc03YqVjAhG7scf9C5KWRU/R13Orf588uCC6525o02g==",
      "dependencies": {
        "d": "1",
        "es5-ext": "^0.10.35",
        "es6-symbol": "^3.1.1"
      }
    },
    "node_modules/es6-symbol": {
      "version": "3.1.4",
      "resolved": "https://registry.npmjs.org/es6-symbol/-/es6-symbol-3.1.4.tgz",
      "integrity": "sha512-U9bFFjX8tFiATgtkJ1zg25+KviIXpgRvRHS8sau3GfhVzThRQrOeksPeT0BWW2MNZs1OEWJ1DPXOQMn0KKRkvg==",
      "dependencies": {
        "d": "^1.0.2",
        "ext": "^1.7.0"
      },
      "engines": {
        "node": ">=0.12"
      }
    },
    "node_modules/es6-weak-map": {
      "version": "2.0.3",
      "resolved": "https://registry.npmjs.org/es6-weak-map/-/es6-weak-map-2.0.3.tgz",
      "integrity": "sha512-p5um32HOTO1kP+w7PRnB+5lQ43Z6muuMuIMffvDN8ZB4GcnjLBV6zGStpbASIMk4DCAvEaamhe2zhyCb/QXXsA==",
      "dependencies": {
        "d": "1",
        "es5-ext": "^0.10.46",
        "es6-iterator": "^2.0.3",
        "es6-symbol": "^3.1.1"
      }
    },
    "node_modules/esniff": {
      "version": "2.0.1",
      "resolved": "https://registry.npmjs.org/esniff/-/esniff-2.0.1.tgz",
      "integrity": "sha512-kTUIGKQ/mDPFoJ0oVfcmyJn4iBDRptjNVIzwIFR7tqWXdVI9xfA2RMwY/gbSpJG3lkdWNEjLap/NqVHZiJsdfg==",
      "dependencies": {
        "d": "^1.0.1",
        "es5-ext": "^0.10.62",
        "event-emitter": "^0.3.5",
        "type": "^2.7.2"
      },
      "engines": {
        "node": ">=0.10"
      }
    },
    "node_modules/event-emitter": {
      "version": "0.3.5",
      "resolved": "https://registry.npmjs.org/event-emitter/-/event-emitter-0.3.5.tgz",
      "integrity": "sha512-D9rRn9y7kLPnJ+hMq7S/nhvoKwwvVJahBi2BPmx3bvbsEdK3W9ii8cBSGjP+72/LnM4n6fo3+dkCX5FeTQruXA==",
      "dependencies": {
        "d": "1",
        "es5-ext": "~0.10.14"
      }
    },
    "node_modules/events": {
      "version": "3.3.0",
      "resolved": "https://registry.npmjs.org/events/-/events-3.3.0.tgz",
      "integrity": "sha512-mQw+2fkQbALzQ7V0MY0IqdnXNOeTtP4r0lN9z7AAawCXgqea7bDii20AYrIBrFd/Hx0M2Ocz6S111CaFkUcb0Q==",
      "engines": {
        "node": ">=0.8.x"
      }
    },
    "node_modules/ext": {
      "version": "1.7.0",
      "resolved": "https://registry.npmjs.org/ext/-/ext-1.7.0.tgz",
      "integrity": "sha512-6hxeJYaL110a9b5TEJSj0gojyHQAmA2ch5Os+ySCiA1QGdS697XWY1pzsrSjqA9LDEEgdB/KypIlR59RcLuHYw==",
      "dependencies": {
        "type": "^2.7.2"
      }
    },
    "node_modules/fast-deep-equal": {
      "version": "3.1.3",
      "resolved": "https://registry.npmjs.org/fast-deep-equal/-/fast-deep-equal-3.1.3.tgz",
      "integrity": "sha512-f3qQ9oQy9j2AhBe/H9VC91wLmKBCCU/gDOnKNAYG5hswO7BLKj09Hc5HYNz9cGI++xlpDCIgDaitVs03ATR84Q=="
    },
    "node_modules/follow-redirects": {
      "version": "1.15.9",
      "dev": true,
      "funding": [
        {
          "type": "individual",
          "url": "https://github.com/sponsors/RubenVerborgh"
        }
      ],
      "license": "MIT",
      "engines": {
        "node": ">=4.0"
      },
      "peerDependenciesMeta": {
        "debug": {
          "optional": true
        }
      }
    },
    "node_modules/form-data": {
      "version": "4.0.1",
      "dev": true,
      "license": "MIT",
      "dependencies": {
        "asynckit": "^0.4.0",
        "combined-stream": "^1.0.8",
        "mime-types": "^2.1.12"
      },
      "engines": {
        "node": ">= 6"
      }
    },
    "node_modules/graphology": {
      "version": "0.25.4",
      "resolved": "https://registry.npmjs.org/graphology/-/graphology-0.25.4.tgz",
      "integrity": "sha512-33g0Ol9nkWdD6ulw687viS8YJQBxqG5LWII6FI6nul0pq6iM2t5EKquOTFDbyTblRB3O9I+7KX4xI8u5ffekAQ==",
      "dependencies": {
        "events": "^3.3.0",
        "obliterator": "^2.0.2"
      },
      "peerDependencies": {
        "graphology-types": ">=0.24.0"
      }
    },
    "node_modules/graphology-assertions": {
      "version": "2.2.1",
      "resolved": "https://registry.npmjs.org/graphology-assertions/-/graphology-assertions-2.2.1.tgz",
      "integrity": "sha512-X6yvm8eYDepIyywDM/K0ud/NDD6I5aZj5+D459z4wZFEtb8B33A4NNPsMpjMNwjNdEo1q4VL1Gqp/usoItEP4g==",
      "dependencies": {
        "fast-deep-equal": "^3.1.3",
        "graphology-utils": "^2.1.2"
      },
      "peerDependencies": {
        "graphology-types": ">=0.19.0"
      }
    },
    "node_modules/graphology-canvas": {
      "version": "0.4.2",
      "resolved": "https://registry.npmjs.org/graphology-canvas/-/graphology-canvas-0.4.2.tgz",
      "integrity": "sha512-7YJCw/8mMXvFiLP1ujEgpFOM5lmj5/AQG+9H1S/ErFvAQ1eyoLsTK/OzyLJjXzhHsBEl0fF4rN//TDsvuvkfPg==",
      "dependencies": {
        "graphology-layout": "0.6.0",
        "graphology-utils": "^2.0.0"
      },
      "peerDependencies": {
        "graphology-types": ">=0.20.0"
      },
      "peerDependenciesMeta": {
        "canvas": {
          "optional": true
        }
      }
    },
    "node_modules/graphology-canvas/node_modules/graphology-layout": {
      "version": "0.6.0",
      "resolved": "https://registry.npmjs.org/graphology-layout/-/graphology-layout-0.6.0.tgz",
      "integrity": "sha512-QZIminJVOqOFHBOf6qEjcMp0m+BNP4/XqY1jrnJhH+fmUHFtNDdTPSXYhVa8Hr3AN5bOPP1Zte5oY1ZzOyzhvA==",
      "dependencies": {
        "graphology-utils": "^2.3.0",
        "pandemonium": "^1.5.0"
      },
      "peerDependencies": {
        "graphology-types": ">=0.19.0"
      }
    },
    "node_modules/graphology-canvas/node_modules/pandemonium": {
      "version": "1.5.0",
      "resolved": "https://registry.npmjs.org/pandemonium/-/pandemonium-1.5.0.tgz",
      "integrity": "sha512-9PU9fy93rJhZHLMjX+4M1RwZPEYl6g7DdWKGmGNhkgBZR5+tOBVExNZc00kzdEGMxbaAvWdQy9MqGAScGwYlcA=="
    },
    "node_modules/graphology-communities-louvain": {
      "version": "2.0.2",
      "resolved": "https://registry.npmjs.org/graphology-communities-louvain/-/graphology-communities-louvain-2.0.2.tgz",
      "integrity": "sha512-zt+2hHVPYxjEquyecxWXoUoIuN/UvYzsvI7boDdMNz0rRvpESQ7+e+Ejv6wK7AThycbZXuQ6DkG8NPMCq6XwoA==",
      "dependencies": {
        "graphology-indices": "^0.17.0",
        "graphology-utils": "^2.4.4",
        "mnemonist": "^0.39.0",
        "pandemonium": "^2.4.1"
      },
      "peerDependencies": {
        "graphology-types": ">=0.19.0"
      }
    },
    "node_modules/graphology-components": {
      "version": "1.5.4",
      "resolved": "https://registry.npmjs.org/graphology-components/-/graphology-components-1.5.4.tgz",
      "integrity": "sha512-O37vC226wgnN0C6FUWHNe4fbTzaF51CcQjwX3naId/QTzH/PkUtXaanCShj9ws5Vju+z4u3zvSeEZE84Bo9jlA==",
      "dependencies": {
        "graphology-indices": "^0.17.0",
        "graphology-utils": "^2.1.2"
      },
      "peerDependencies": {
        "graphology-types": ">=0.19.0"
      }
    },
    "node_modules/graphology-generators": {
      "version": "0.11.2",
      "resolved": "https://registry.npmjs.org/graphology-generators/-/graphology-generators-0.11.2.tgz",
      "integrity": "sha512-hx+F0OZRkVdoQ0B1tWrpxoakmHZNex0c6RAoR0PrqJ+6fz/gz6CQ88Qlw78C6yD9nlZVRgepIoDYhRTFV+bEHg==",
      "dependencies": {
        "graphology-metrics": "^2.0.0",
        "graphology-utils": "^2.3.0"
      },
      "peerDependencies": {
        "graphology-types": ">=0.19.0"
      }
    },
    "node_modules/graphology-gexf": {
      "version": "0.10.3",
      "resolved": "https://registry.npmjs.org/graphology-gexf/-/graphology-gexf-0.10.3.tgz",
      "integrity": "sha512-w5Hubf7NVwjQqWiiOw1bDzqZTvMulefJvatVknc/+V2A+WQvw2T2BVLkMbFpu7dB8+EMiUNKthzlE4dNRTNZCg==",
      "dependencies": {
        "@xmldom/xmldom": "^0.8.3",
        "graphology-operators": "^1.5.0",
        "graphology-utils": "^2.4.1",
        "xml-writer": "^1.7.0"
      },
      "peerDependencies": {
        "graphology-types": ">=0.20.0"
      }
    },
    "node_modules/graphology-graphml": {
      "version": "0.5.2",
      "resolved": "https://registry.npmjs.org/graphology-graphml/-/graphology-graphml-0.5.2.tgz",
      "integrity": "sha512-Z9m3amTxszia2dYdtdHJI9gHcbw2gSyCTWRmgsj2dAXMj8VwcoEEWnFPYykqMFw1sIuoQviZueadyE3H02wKOQ==",
      "dependencies": {
        "@xmldom/xmldom": "^0.8.3",
        "graphology-operators": "^1.5.0",
        "graphology-utils": "^2.4.1",
        "xml-writer": "^1.7.0"
      }
    },
    "node_modules/graphology-indices": {
      "version": "0.17.0",
      "resolved": "https://registry.npmjs.org/graphology-indices/-/graphology-indices-0.17.0.tgz",
      "integrity": "sha512-A7RXuKQvdqSWOpn7ZVQo4S33O0vCfPBnUSf7FwE0zNCasqwZVUaCXePuWo5HBpWw68KJcwObZDHpFk6HKH6MYQ==",
      "dependencies": {
        "graphology-utils": "^2.4.2",
        "mnemonist": "^0.39.0"
      },
      "peerDependencies": {
        "graphology-types": ">=0.20.0"
      }
    },
    "node_modules/graphology-layout": {
      "version": "0.6.1",
      "resolved": "https://registry.npmjs.org/graphology-layout/-/graphology-layout-0.6.1.tgz",
      "integrity": "sha512-m9aMvbd0uDPffUCFPng5ibRkb2pmfNvdKjQWeZrf71RS1aOoat5874+DcyNfMeCT4aQguKC7Lj9eCbqZj/h8Ag==",
      "dependencies": {
        "graphology-utils": "^2.3.0",
        "pandemonium": "^2.4.0"
      },
      "peerDependencies": {
        "graphology-types": ">=0.19.0"
      }
    },
    "node_modules/graphology-layout-force": {
      "version": "0.2.4",
      "resolved": "https://registry.npmjs.org/graphology-layout-force/-/graphology-layout-force-0.2.4.tgz",
      "integrity": "sha512-NYZz0YAnDkn5pkm30cvB0IScFoWGtbzJMrqaiH070dYlYJiag12Oc89dbVfaMaVR/w8DMIKxn/ix9Bqj+Umm9Q==",
      "dependencies": {
        "graphology-utils": "^2.4.2"
      },
      "peerDependencies": {
        "graphology-types": ">=0.19.0"
      }
    },
    "node_modules/graphology-layout-forceatlas2": {
      "version": "0.10.1",
      "resolved": "https://registry.npmjs.org/graphology-layout-forceatlas2/-/graphology-layout-forceatlas2-0.10.1.tgz",
      "integrity": "sha512-ogzBeF1FvWzjkikrIFwxhlZXvD2+wlY54lqhsrWprcdPjopM2J9HoMweUmIgwaTvY4bUYVimpSsOdvDv1gPRFQ==",
      "dependencies": {
        "graphology-utils": "^2.1.0"
      },
      "peerDependencies": {
        "graphology-types": ">=0.19.0"
      }
    },
    "node_modules/graphology-layout-noverlap": {
      "version": "0.4.2",
      "resolved": "https://registry.npmjs.org/graphology-layout-noverlap/-/graphology-layout-noverlap-0.4.2.tgz",
      "integrity": "sha512-13WwZSx96zim6l1dfZONcqLh3oqyRcjIBsqz2c2iJ3ohgs3605IDWjldH41Gnhh462xGB1j6VGmuGhZ2FKISXA==",
      "dependencies": {
        "graphology-utils": "^2.3.0"
      },
      "peerDependencies": {
        "graphology-types": ">=0.19.0"
      }
    },
    "node_modules/graphology-library": {
      "version": "0.8.0",
      "resolved": "https://registry.npmjs.org/graphology-library/-/graphology-library-0.8.0.tgz",
      "integrity": "sha512-mIzyL2AxUOAi+Q6pr8/xyadMCzCZ8bTZhcGYKR4gk+QIBZQqwiE1gAfCjCSqMj5q7kyBbdCVjrPHi6kAXvu0dw==",
      "dependencies": {
        "graphology-assertions": "~2.2.1",
        "graphology-canvas": "^0.4.1",
        "graphology-communities-louvain": "~2.0.1",
        "graphology-components": "~1.5.4",
        "graphology-generators": "~0.11.2",
        "graphology-gexf": "~0.10.3",
        "graphology-graphml": "^0.5.2",
        "graphology-layout": "~0.6.1",
        "graphology-layout-force": "~0.2.4",
        "graphology-layout-forceatlas2": "~0.10.1",
        "graphology-layout-noverlap": "^0.4.2",
        "graphology-metrics": "~2.1.0",
        "graphology-operators": "~1.6.0",
        "graphology-shortest-path": "~2.0.2",
        "graphology-simple-path": "^0.2.0",
        "graphology-svg": "^0.1.3",
        "graphology-traversal": "^0.3.1",
        "graphology-utils": "~2.5.2"
      },
      "peerDependencies": {
        "graphology-types": ">=0.23.0"
      }
    },
    "node_modules/graphology-metrics": {
      "version": "2.1.0",
      "resolved": "https://registry.npmjs.org/graphology-metrics/-/graphology-metrics-2.1.0.tgz",
      "integrity": "sha512-E+y4kgVGxhYl/+bPHEftJeWLS8LgVno4/Wvg+C7IoDIjY6OlIZghgMKDR8LKsxU6GC43mlx08FTZs229cvEkwQ==",
      "dependencies": {
        "graphology-shortest-path": "^2.0.0",
        "graphology-utils": "^2.4.4",
        "mnemonist": "^0.39.0"
      },
      "peerDependencies": {
        "graphology-types": ">=0.20.0"
      }
    },
    "node_modules/graphology-operators": {
      "version": "1.6.1",
      "resolved": "https://registry.npmjs.org/graphology-operators/-/graphology-operators-1.6.1.tgz",
      "integrity": "sha512-ZKGcaN+6L5hv0VelrDgkZ2IQL1c7nrqkTRiHDwBCjmbkS56vWh/iQNDnvd/c9YIpoygtEK0mgGOr/m4i7BOYrw==",
      "dependencies": {
        "graphology-utils": "^2.0.0"
      },
      "peerDependencies": {
        "graphology-types": ">=0.20.0"
      }
    },
    "node_modules/graphology-shortest-path": {
      "version": "2.0.2",
      "resolved": "https://registry.npmjs.org/graphology-shortest-path/-/graphology-shortest-path-2.0.2.tgz",
      "integrity": "sha512-hlGvh4Yb1Vmd2J7wT8Q8+t4RQ6Tx+9wRYm0/fZB9PZJ4uW3nml5kJ7yXZ2+JYWT+7wLLmY5mg3o9bLSAWmv/jQ==",
      "dependencies": {
        "@yomguithereal/helpers": "^1.1.1",
        "graphology-indices": "^0.17.0",
        "graphology-utils": "^2.4.3",
        "mnemonist": "^0.39.0"
      },
      "peerDependencies": {
        "graphology-types": ">=0.20.0"
      }
    },
    "node_modules/graphology-simple-path": {
      "version": "0.2.0",
      "resolved": "https://registry.npmjs.org/graphology-simple-path/-/graphology-simple-path-0.2.0.tgz",
      "integrity": "sha512-4cGMWbVuJM0zlKDUx6dS6JGGLddizDPe8PsTokXVz2eTeHYg07qa5TgwIco15ta2RMM05+xy8N1mFnpS85y0kw==",
      "dependencies": {
        "graphology-utils": "^1.8.0",
        "mnemonist": "^0.39.0"
      },
      "peerDependencies": {
        "graphology-types": ">=0.20.0"
      }
    },
    "node_modules/graphology-simple-path/node_modules/graphology-utils": {
      "version": "1.8.0",
      "resolved": "https://registry.npmjs.org/graphology-utils/-/graphology-utils-1.8.0.tgz",
      "integrity": "sha512-Pa7SW30OMm8fVtyH49b3GJ/uxlMHGfXly50wIhlcc7ZoX9ahZa7sPBz+obo4WZClrRV6wh3tIu0GJoI42eao1A==",
      "peerDependencies": {
        "graphology-types": ">=0.19.0"
      }
    },
    "node_modules/graphology-svg": {
      "version": "0.1.3",
      "resolved": "https://registry.npmjs.org/graphology-svg/-/graphology-svg-0.1.3.tgz",
      "integrity": "sha512-bvsLnL9pIElvWgr/nPYKsqLWE1VPqG6wTFolmS9DxkAr9256hqzlb1ATfDGn52iyljJb+HTu9z6XMHrfRJ4Ggg==",
      "dependencies": {
        "graphology-utils": "^2.3.0"
      }
    },
    "node_modules/graphology-traversal": {
      "version": "0.3.1",
      "resolved": "https://registry.npmjs.org/graphology-traversal/-/graphology-traversal-0.3.1.tgz",
      "integrity": "sha512-lGLrLKEDKtNgAKgHVhVftKf3cb/nuWwuVPQZHXRnN90JWn0RSjco/s+NB2ARSlMapEMlbnPgv6j++427yTnU3Q==",
      "dependencies": {
        "graphology-indices": "^0.17.0",
        "graphology-utils": "^2.0.0"
      },
      "peerDependencies": {
        "graphology-types": ">=0.20.0"
      }
    },
    "node_modules/graphology-types": {
      "version": "0.24.8",
      "resolved": "https://registry.npmjs.org/graphology-types/-/graphology-types-0.24.8.tgz",
      "integrity": "sha512-hDRKYXa8TsoZHjgEaysSRyPdT6uB78Ci8WnjgbStlQysz7xR52PInxNsmnB7IBOM1BhikxkNyCVEFgmPKnpx3Q==",
      "peer": true
    },
    "node_modules/graphology-utils": {
      "version": "2.5.2",
      "resolved": "https://registry.npmjs.org/graphology-utils/-/graphology-utils-2.5.2.tgz",
      "integrity": "sha512-ckHg8MXrXJkOARk56ZaSCM1g1Wihe2d6iTmz1enGOz4W/l831MBCKSayeFQfowgF8wd+PQ4rlch/56Vs/VZLDQ==",
      "peerDependencies": {
        "graphology-types": ">=0.23.0"
      }
    },
    "node_modules/is-promise": {
      "version": "2.2.2",
      "resolved": "https://registry.npmjs.org/is-promise/-/is-promise-2.2.2.tgz",
      "integrity": "sha512-+lP4/6lKUBfQjZ2pdxThZvLUAafmZb8OAxFb8XXtiQmS35INgr85hdOGoEs124ez1FCnZJt6jau/T+alh58QFQ=="
    },
    "node_modules/lodash": {
      "version": "4.17.21",
      "license": "MIT"
    },
    "node_modules/lru-queue": {
      "version": "0.1.0",
      "resolved": "https://registry.npmjs.org/lru-queue/-/lru-queue-0.1.0.tgz",
      "integrity": "sha512-BpdYkt9EvGl8OfWHDQPISVpcl5xZthb+XPsbELj5AQXxIC8IriDZIQYjBJPEm5rS420sjZ0TLEzRcq5KdBhYrQ==",
      "dependencies": {
        "es5-ext": "~0.10.2"
      }
    },
    "node_modules/memoizee": {
      "version": "0.4.17",
      "resolved": "https://registry.npmjs.org/memoizee/-/memoizee-0.4.17.tgz",
      "integrity": "sha512-DGqD7Hjpi/1or4F/aYAspXKNm5Yili0QDAFAY4QYvpqpgiY6+1jOfqpmByzjxbWd/T9mChbCArXAbDAsTm5oXA==",
      "dependencies": {
        "d": "^1.0.2",
        "es5-ext": "^0.10.64",
        "es6-weak-map": "^2.0.3",
        "event-emitter": "^0.3.5",
        "is-promise": "^2.2.2",
        "lru-queue": "^0.1.0",
        "next-tick": "^1.1.0",
        "timers-ext": "^0.1.7"
      },
      "engines": {
        "node": ">=0.12"
      }
    },
    "node_modules/mime-db": {
      "version": "1.52.0",
      "dev": true,
      "license": "MIT",
      "engines": {
        "node": ">= 0.6"
      }
    },
    "node_modules/mime-types": {
      "version": "2.1.35",
      "dev": true,
      "license": "MIT",
      "dependencies": {
        "mime-db": "1.52.0"
      },
      "engines": {
        "node": ">= 0.6"
      }
    },
    "node_modules/mnemonist": {
      "version": "0.39.8",
      "resolved": "https://registry.npmjs.org/mnemonist/-/mnemonist-0.39.8.tgz",
      "integrity": "sha512-vyWo2K3fjrUw8YeeZ1zF0fy6Mu59RHokURlld8ymdUPjMlD9EC9ov1/YPqTgqRvUN9nTr3Gqfz29LYAmu0PHPQ==",
      "dependencies": {
        "obliterator": "^2.0.1"
      }
    },
    "node_modules/ms": {
      "version": "2.1.3",
      "dev": true,
      "license": "MIT"
    },
    "node_modules/next-tick": {
      "version": "1.1.0",
      "resolved": "https://registry.npmjs.org/next-tick/-/next-tick-1.1.0.tgz",
      "integrity": "sha512-CXdUiJembsNjuToQvxayPZF9Vqht7hewsvy2sOWafLvi2awflj9mOC6bHIg50orX8IJvWKY9wYQ/zB2kogPslQ=="
    },
    "node_modules/obliterator": {
      "version": "2.0.4",
      "resolved": "https://registry.npmjs.org/obliterator/-/obliterator-2.0.4.tgz",
      "integrity": "sha512-lgHwxlxV1qIg1Eap7LgIeoBWIMFibOjbrYPIPJZcI1mmGAI2m3lNYpK12Y+GBdPQ0U1hRwSord7GIaawz962qQ=="
    },
    "node_modules/pandemonium": {
      "version": "2.4.1",
      "resolved": "https://registry.npmjs.org/pandemonium/-/pandemonium-2.4.1.tgz",
      "integrity": "sha512-wRqjisUyiUfXowgm7MFH2rwJzKIr20rca5FsHXCMNm1W5YPP1hCtrZfgmQ62kP7OZ7Xt+cR858aB28lu5NX55g==",
      "dependencies": {
        "mnemonist": "^0.39.2"
      }
    },
    "node_modules/proxy-from-env": {
      "version": "1.1.0",
      "dev": true,
      "license": "MIT"
    },
    "node_modules/timers-ext": {
      "version": "0.1.8",
      "resolved": "https://registry.npmjs.org/timers-ext/-/timers-ext-0.1.8.tgz",
      "integrity": "sha512-wFH7+SEAcKfJpfLPkrgMPvvwnEtj8W4IurvEyrKsDleXnKLCDw71w8jltvfLa8Rm4qQxxT4jmDBYbJG/z7qoww==",
      "dependencies": {
        "es5-ext": "^0.10.64",
        "next-tick": "^1.1.0"
      },
      "engines": {
        "node": ">=0.12"
      }
    },
    "node_modules/type": {
      "version": "2.7.3",
      "resolved": "https://registry.npmjs.org/type/-/type-2.7.3.tgz",
      "integrity": "sha512-8j+1QmAbPvLZow5Qpi6NCaN8FB60p/6x8/vfNqOk/hC+HuvFZhL4+WfekuhQLiqFZXOgQdrs3B+XxEmCc6b3FQ=="
    },
    "node_modules/typescript": {
      "version": "5.7.2",
      "license": "Apache-2.0",
      "peer": true,
      "bin": {
        "tsc": "bin/tsc",
        "tsserver": "bin/tsserver"
      },
      "engines": {
        "node": ">=14.17"
      }
    },
    "node_modules/undici-types": {
      "version": "5.26.5",
      "dev": true,
      "license": "MIT"
    },
    "node_modules/unplugin": {
      "version": "1.16.0",
      "dev": true,
      "license": "MIT",
      "dependencies": {
        "acorn": "^8.14.0",
        "webpack-virtual-modules": "^0.6.2"
      },
      "engines": {
        "node": ">=14.0.0"
      }
    },
    "node_modules/webpack-virtual-modules": {
      "version": "0.6.2",
      "dev": true,
      "license": "MIT"
    },
    "node_modules/xml-writer": {
      "version": "1.7.0",
      "resolved": "https://registry.npmjs.org/xml-writer/-/xml-writer-1.7.0.tgz",
      "integrity": "sha512-elFVMRiV5jb59fbc87zzVa0C01QLBEWP909mRuWqFqrYC5wNTH5QW4AaKMNv7d6zAsuOulkD7wnztZNLQW0Nfg==",
      "engines": {
        "node": ">=0.4.0"
      }
    }
  }
}
